// !$*UTF8*$!
{
	archiveVersion = 1;
	classes = {
	};
	objectVersion = 50;
	objects = {

/* Begin PBXBuildFile section */
		7F66D99D21CF71FD006A75C9 /* AppDelegate.swift in Sources */ = {isa = PBXBuildFile; fileRef = 7F66D99C21CF71FD006A75C9 /* AppDelegate.swift */; };
		7F66D99F21CF71FD006A75C9 /* ViewController.swift in Sources */ = {isa = PBXBuildFile; fileRef = 7F66D99E21CF71FD006A75C9 /* ViewController.swift */; };
		7F66D9A221CF71FD006A75C9 /* Main.storyboard in Resources */ = {isa = PBXBuildFile; fileRef = 7F66D9A021CF71FD006A75C9 /* Main.storyboard */; };
		7F66D9A421CF71FE006A75C9 /* Assets.xcassets in Resources */ = {isa = PBXBuildFile; fileRef = 7F66D9A321CF71FE006A75C9 /* Assets.xcassets */; };
		7F66D9A721CF71FE006A75C9 /* LaunchScreen.storyboard in Resources */ = {isa = PBXBuildFile; fileRef = 7F66D9A521CF71FE006A75C9 /* LaunchScreen.storyboard */; };
		7F66D9C421CF7792006A75C9 /* PromotionProtocol.swift in Sources */ = {isa = PBXBuildFile; fileRef = 7F66D9C321CF7792006A75C9 /* PromotionProtocol.swift */; };
		7F66D9C521CF7792006A75C9 /* PromotionProtocol.swift in Sources */ = {isa = PBXBuildFile; fileRef = 7F66D9C321CF7792006A75C9 /* PromotionProtocol.swift */; };
		7F66D9C721CF7858006A75C9 /* Promotion.swift in Sources */ = {isa = PBXBuildFile; fileRef = 7F66D9C621CF7858006A75C9 /* Promotion.swift */; };
		7F66D9C821CF7858006A75C9 /* Promotion.swift in Sources */ = {isa = PBXBuildFile; fileRef = 7F66D9C621CF7858006A75C9 /* Promotion.swift */; };
		7F66D9CA21CF78C8006A75C9 /* PromotionTests.swift in Sources */ = {isa = PBXBuildFile; fileRef = 7F66D9C921CF78C8006A75C9 /* PromotionTests.swift */; };
		7F66D9CC21CF7BC5006A75C9 /* PromotionsFactory.swift in Sources */ = {isa = PBXBuildFile; fileRef = 7F66D9CB21CF7BC5006A75C9 /* PromotionsFactory.swift */; };
		7F66D9CD21CF7BC5006A75C9 /* PromotionsFactory.swift in Sources */ = {isa = PBXBuildFile; fileRef = 7F66D9CB21CF7BC5006A75C9 /* PromotionsFactory.swift */; };
		7F66D9CF21CF7F0C006A75C9 /* PromotionsFactoryTests.swift in Sources */ = {isa = PBXBuildFile; fileRef = 7F66D9CE21CF7F0C006A75C9 /* PromotionsFactoryTests.swift */; };
		7F66D9D121CF816C006A75C9 /* DisplayPromotionsProtocol.swift in Sources */ = {isa = PBXBuildFile; fileRef = 7F66D9D021CF816C006A75C9 /* DisplayPromotionsProtocol.swift */; };
		7F66D9D221CF816C006A75C9 /* DisplayPromotionsProtocol.swift in Sources */ = {isa = PBXBuildFile; fileRef = 7F66D9D021CF816C006A75C9 /* DisplayPromotionsProtocol.swift */; };
		7F66D9D521CF826F006A75C9 /* Location.swift in Sources */ = {isa = PBXBuildFile; fileRef = 7F66D9D421CF826F006A75C9 /* Location.swift */; };
		7F66D9D621CF826F006A75C9 /* Location.swift in Sources */ = {isa = PBXBuildFile; fileRef = 7F66D9D421CF826F006A75C9 /* Location.swift */; };
		7F66D9D821CF8330006A75C9 /* LocationsFactory.swift in Sources */ = {isa = PBXBuildFile; fileRef = 7F66D9D721CF8330006A75C9 /* LocationsFactory.swift */; };
		7F66D9D921CF8330006A75C9 /* LocationsFactory.swift in Sources */ = {isa = PBXBuildFile; fileRef = 7F66D9D721CF8330006A75C9 /* LocationsFactory.swift */; };
		7F66D9DE21CF8508006A75C9 /* LocationsFactoryTests.swift in Sources */ = {isa = PBXBuildFile; fileRef = 7F66D9DD21CF8508006A75C9 /* LocationsFactoryTests.swift */; };
		7F66D9E121D00EBF006A75C9 /* PromotionDetailViewModel.swift in Sources */ = {isa = PBXBuildFile; fileRef = 7F66D9E021D00EBF006A75C9 /* PromotionDetailViewModel.swift */; };
		7F66D9E221D00EBF006A75C9 /* PromotionDetailViewModel.swift in Sources */ = {isa = PBXBuildFile; fileRef = 7F66D9E021D00EBF006A75C9 /* PromotionDetailViewModel.swift */; };
		7F66D9E721D032B9006A75C9 /* PromotionDetailViewModelTests.swift in Sources */ = {isa = PBXBuildFile; fileRef = 7F66D9E621D032B9006A75C9 /* PromotionDetailViewModelTests.swift */; };
		7F66D9E921D0361D006A75C9 /* MapViewModel.swift in Sources */ = {isa = PBXBuildFile; fileRef = 7F66D9E821D0361D006A75C9 /* MapViewModel.swift */; };
		7F66D9EA21D0361D006A75C9 /* MapViewModel.swift in Sources */ = {isa = PBXBuildFile; fileRef = 7F66D9E821D0361D006A75C9 /* MapViewModel.swift */; };
		7F66D9ED21D03765006A75C9 /* Locations.plist in Resources */ = {isa = PBXBuildFile; fileRef = 7F66D9EC21D03765006A75C9 /* Locations.plist */; };
		7F66D9EF21D039A9006A75C9 /* MapViewModelTests.swift in Sources */ = {isa = PBXBuildFile; fileRef = 7F66D9EE21D039A9006A75C9 /* MapViewModelTests.swift */; };
		7F66D9F121D05661006A75C9 /* PromotionsViewModel.swift in Sources */ = {isa = PBXBuildFile; fileRef = 7F66D9F021D05661006A75C9 /* PromotionsViewModel.swift */; };
		7F66D9F221D05661006A75C9 /* PromotionsViewModel.swift in Sources */ = {isa = PBXBuildFile; fileRef = 7F66D9F021D05661006A75C9 /* PromotionsViewModel.swift */; };
		7F66D9F421D05762006A75C9 /* JSONFormatter.swift in Sources */ = {isa = PBXBuildFile; fileRef = 7F66D9F321D05762006A75C9 /* JSONFormatter.swift */; };
		7F66D9F521D05762006A75C9 /* JSONFormatter.swift in Sources */ = {isa = PBXBuildFile; fileRef = 7F66D9F321D05762006A75C9 /* JSONFormatter.swift */; };
		7F66D9F821D05A60006A75C9 /* Promotions.json in Resources */ = {isa = PBXBuildFile; fileRef = 7F66D9F721D05A5F006A75C9 /* Promotions.json */; };
		7F66D9FA21D05A9C006A75C9 /* JSONFormatterTests.swift in Sources */ = {isa = PBXBuildFile; fileRef = 7F66D9F921D05A9C006A75C9 /* JSONFormatterTests.swift */; };
		7F66D9FC21D07F4B006A75C9 /* Constants.swift in Sources */ = {isa = PBXBuildFile; fileRef = 7F66D9FB21D07F4B006A75C9 /* Constants.swift */; };
		7F66D9FD21D07F4B006A75C9 /* Constants.swift in Sources */ = {isa = PBXBuildFile; fileRef = 7F66D9FB21D07F4B006A75C9 /* Constants.swift */; };
		7F66D9FF21D08172006A75C9 /* PromotionsViewModelTests.swift in Sources */ = {isa = PBXBuildFile; fileRef = 7F66D9FE21D08172006A75C9 /* PromotionsViewModelTests.swift */; };
		7F66DA0121D08E5A006A75C9 /* ServicesImplementer.swift in Sources */ = {isa = PBXBuildFile; fileRef = 7F66DA0021D08E5A006A75C9 /* ServicesImplementer.swift */; };
		7F66DA0221D08E5A006A75C9 /* ServicesImplementer.swift in Sources */ = {isa = PBXBuildFile; fileRef = 7F66DA0021D08E5A006A75C9 /* ServicesImplementer.swift */; };
		7F66DA0821D09615006A75C9 /* ServicesImplementerTests.swift in Sources */ = {isa = PBXBuildFile; fileRef = 7F66DA0721D09615006A75C9 /* ServicesImplementerTests.swift */; };
		7F7EC92721D0B09A0011F1CD /* ServicesErrorHandler.swift in Sources */ = {isa = PBXBuildFile; fileRef = 7F7EC92621D0B09A0011F1CD /* ServicesErrorHandler.swift */; };
		7F7EC92821D0B09A0011F1CD /* ServicesErrorHandler.swift in Sources */ = {isa = PBXBuildFile; fileRef = 7F7EC92621D0B09A0011F1CD /* ServicesErrorHandler.swift */; };
/* End PBXBuildFile section */

/* Begin PBXContainerItemProxy section */
		7F66D9AE21CF71FE006A75C9 /* PBXContainerItemProxy */ = {
			isa = PBXContainerItemProxy;
			containerPortal = 7F66D99121CF71FD006A75C9 /* Project object */;
			proxyType = 1;
			remoteGlobalIDString = 7F66D99821CF71FD006A75C9;
			remoteInfo = CapitalSocial;
		};
/* End PBXContainerItemProxy section */

/* Begin PBXFileReference section */
		7F66D99921CF71FD006A75C9 /* CapitalSocial.app */ = {isa = PBXFileReference; explicitFileType = wrapper.application; includeInIndex = 0; path = CapitalSocial.app; sourceTree = BUILT_PRODUCTS_DIR; };
		7F66D99C21CF71FD006A75C9 /* AppDelegate.swift */ = {isa = PBXFileReference; lastKnownFileType = sourcecode.swift; path = AppDelegate.swift; sourceTree = "<group>"; };
		7F66D99E21CF71FD006A75C9 /* ViewController.swift */ = {isa = PBXFileReference; lastKnownFileType = sourcecode.swift; path = ViewController.swift; sourceTree = "<group>"; };
		7F66D9A121CF71FD006A75C9 /* Base */ = {isa = PBXFileReference; lastKnownFileType = file.storyboard; name = Base; path = Base.lproj/Main.storyboard; sourceTree = "<group>"; };
		7F66D9A321CF71FE006A75C9 /* Assets.xcassets */ = {isa = PBXFileReference; lastKnownFileType = folder.assetcatalog; path = Assets.xcassets; sourceTree = "<group>"; };
		7F66D9A621CF71FE006A75C9 /* Base */ = {isa = PBXFileReference; lastKnownFileType = file.storyboard; name = Base; path = Base.lproj/LaunchScreen.storyboard; sourceTree = "<group>"; };
		7F66D9A821CF71FE006A75C9 /* Info.plist */ = {isa = PBXFileReference; lastKnownFileType = text.plist.xml; path = Info.plist; sourceTree = "<group>"; };
		7F66D9AD21CF71FE006A75C9 /* CapitalSocialTests.xctest */ = {isa = PBXFileReference; explicitFileType = wrapper.cfbundle; includeInIndex = 0; path = CapitalSocialTests.xctest; sourceTree = BUILT_PRODUCTS_DIR; };
		7F66D9B321CF71FE006A75C9 /* Info.plist */ = {isa = PBXFileReference; lastKnownFileType = text.plist.xml; path = Info.plist; sourceTree = "<group>"; };
		7F66D9C321CF7792006A75C9 /* PromotionProtocol.swift */ = {isa = PBXFileReference; lastKnownFileType = sourcecode.swift; path = PromotionProtocol.swift; sourceTree = "<group>"; };
		7F66D9C621CF7858006A75C9 /* Promotion.swift */ = {isa = PBXFileReference; lastKnownFileType = sourcecode.swift; path = Promotion.swift; sourceTree = "<group>"; };
		7F66D9C921CF78C8006A75C9 /* PromotionTests.swift */ = {isa = PBXFileReference; lastKnownFileType = sourcecode.swift; path = PromotionTests.swift; sourceTree = "<group>"; };
		7F66D9CB21CF7BC5006A75C9 /* PromotionsFactory.swift */ = {isa = PBXFileReference; lastKnownFileType = sourcecode.swift; path = PromotionsFactory.swift; sourceTree = "<group>"; };
		7F66D9CE21CF7F0C006A75C9 /* PromotionsFactoryTests.swift */ = {isa = PBXFileReference; lastKnownFileType = sourcecode.swift; path = PromotionsFactoryTests.swift; sourceTree = "<group>"; };
		7F66D9D021CF816C006A75C9 /* DisplayPromotionsProtocol.swift */ = {isa = PBXFileReference; lastKnownFileType = sourcecode.swift; path = DisplayPromotionsProtocol.swift; sourceTree = "<group>"; };
		7F66D9D421CF826F006A75C9 /* Location.swift */ = {isa = PBXFileReference; lastKnownFileType = sourcecode.swift; path = Location.swift; sourceTree = "<group>"; };
		7F66D9D721CF8330006A75C9 /* LocationsFactory.swift */ = {isa = PBXFileReference; lastKnownFileType = sourcecode.swift; path = LocationsFactory.swift; sourceTree = "<group>"; };
		7F66D9DD21CF8508006A75C9 /* LocationsFactoryTests.swift */ = {isa = PBXFileReference; lastKnownFileType = sourcecode.swift; path = LocationsFactoryTests.swift; sourceTree = "<group>"; };
		7F66D9E021D00EBF006A75C9 /* PromotionDetailViewModel.swift */ = {isa = PBXFileReference; lastKnownFileType = sourcecode.swift; path = PromotionDetailViewModel.swift; sourceTree = "<group>"; };
		7F66D9E621D032B9006A75C9 /* PromotionDetailViewModelTests.swift */ = {isa = PBXFileReference; lastKnownFileType = sourcecode.swift; path = PromotionDetailViewModelTests.swift; sourceTree = "<group>"; };
		7F66D9E821D0361D006A75C9 /* MapViewModel.swift */ = {isa = PBXFileReference; lastKnownFileType = sourcecode.swift; path = MapViewModel.swift; sourceTree = "<group>"; };
		7F66D9EC21D03765006A75C9 /* Locations.plist */ = {isa = PBXFileReference; lastKnownFileType = text.plist.xml; path = Locations.plist; sourceTree = "<group>"; };
		7F66D9EE21D039A9006A75C9 /* MapViewModelTests.swift */ = {isa = PBXFileReference; lastKnownFileType = sourcecode.swift; path = MapViewModelTests.swift; sourceTree = "<group>"; };
		7F66D9F021D05661006A75C9 /* PromotionsViewModel.swift */ = {isa = PBXFileReference; lastKnownFileType = sourcecode.swift; path = PromotionsViewModel.swift; sourceTree = "<group>"; };
		7F66D9F321D05762006A75C9 /* JSONFormatter.swift */ = {isa = PBXFileReference; lastKnownFileType = sourcecode.swift; path = JSONFormatter.swift; sourceTree = "<group>"; };
		7F66D9F721D05A5F006A75C9 /* Promotions.json */ = {isa = PBXFileReference; fileEncoding = 4; lastKnownFileType = text.json; path = Promotions.json; sourceTree = "<group>"; };
		7F66D9F921D05A9C006A75C9 /* JSONFormatterTests.swift */ = {isa = PBXFileReference; lastKnownFileType = sourcecode.swift; path = JSONFormatterTests.swift; sourceTree = "<group>"; };
		7F66D9FB21D07F4B006A75C9 /* Constants.swift */ = {isa = PBXFileReference; lastKnownFileType = sourcecode.swift; path = Constants.swift; sourceTree = "<group>"; };
		7F66D9FE21D08172006A75C9 /* PromotionsViewModelTests.swift */ = {isa = PBXFileReference; lastKnownFileType = sourcecode.swift; path = PromotionsViewModelTests.swift; sourceTree = "<group>"; };
		7F66DA0021D08E5A006A75C9 /* ServicesImplementer.swift */ = {isa = PBXFileReference; lastKnownFileType = sourcecode.swift; path = ServicesImplementer.swift; sourceTree = "<group>"; };
		7F66DA0721D09615006A75C9 /* ServicesImplementerTests.swift */ = {isa = PBXFileReference; lastKnownFileType = sourcecode.swift; path = ServicesImplementerTests.swift; sourceTree = "<group>"; };
		7F7EC92621D0B09A0011F1CD /* ServicesErrorHandler.swift */ = {isa = PBXFileReference; lastKnownFileType = sourcecode.swift; path = ServicesErrorHandler.swift; sourceTree = "<group>"; };
/* End PBXFileReference section */

/* Begin PBXFrameworksBuildPhase section */
		7F66D99621CF71FD006A75C9 /* Frameworks */ = {
			isa = PBXFrameworksBuildPhase;
			buildActionMask = 2147483647;
			files = (
			);
			runOnlyForDeploymentPostprocessing = 0;
		};
		7F66D9AA21CF71FE006A75C9 /* Frameworks */ = {
			isa = PBXFrameworksBuildPhase;
			buildActionMask = 2147483647;
			files = (
			);
			runOnlyForDeploymentPostprocessing = 0;
		};
/* End PBXFrameworksBuildPhase section */

/* Begin PBXGroup section */
		7F66D99021CF71FD006A75C9 = {
			isa = PBXGroup;
			children = (
				7F66D99B21CF71FD006A75C9 /* CapitalSocial */,
				7F66D9B021CF71FE006A75C9 /* CapitalSocialTests */,
				7F66D99A21CF71FD006A75C9 /* Products */,
				7F66DA0321D09230006A75C9 /* Frameworks */,
			);
			sourceTree = "<group>";
		};
		7F66D99A21CF71FD006A75C9 /* Products */ = {
			isa = PBXGroup;
			children = (
				7F66D99921CF71FD006A75C9 /* CapitalSocial.app */,
				7F66D9AD21CF71FE006A75C9 /* CapitalSocialTests.xctest */,
			);
			name = Products;
			sourceTree = "<group>";
		};
		7F66D99B21CF71FD006A75C9 /* CapitalSocial */ = {
			isa = PBXGroup;
			children = (
				7F66D9F621D05900006A75C9 /* Resources */,
				7F66D9EB21D03728006A75C9 /* Configuration */,
				7F66D9C221CF7743006A75C9 /* Services */,
				7F66D9C121CF7740006A75C9 /* Models */,
				7F66D9C021CF773D006A75C9 /* Views */,
				7F66D9BF21CF773A006A75C9 /* Controllers */,
				7F66D9BE21CF7735006A75C9 /* Protocols */,
				7F66D9BD21CF7732006A75C9 /* Utilities */,
				7F66D99C21CF71FD006A75C9 /* AppDelegate.swift */,
				7F66D99E21CF71FD006A75C9 /* ViewController.swift */,
				7F66D9A021CF71FD006A75C9 /* Main.storyboard */,
				7F66D9A321CF71FE006A75C9 /* Assets.xcassets */,
				7F66D9A521CF71FE006A75C9 /* LaunchScreen.storyboard */,
				7F66D9A821CF71FE006A75C9 /* Info.plist */,
			);
			path = CapitalSocial;
			sourceTree = "<group>";
		};
		7F66D9B021CF71FE006A75C9 /* CapitalSocialTests */ = {
			isa = PBXGroup;
			children = (
				7F66D9B321CF71FE006A75C9 /* Info.plist */,
				7F66D9C921CF78C8006A75C9 /* PromotionTests.swift */,
				7F66D9CE21CF7F0C006A75C9 /* PromotionsFactoryTests.swift */,
				7F66D9DD21CF8508006A75C9 /* LocationsFactoryTests.swift */,
				7F66D9E621D032B9006A75C9 /* PromotionDetailViewModelTests.swift */,
				7F66D9EE21D039A9006A75C9 /* MapViewModelTests.swift */,
				7F66D9F921D05A9C006A75C9 /* JSONFormatterTests.swift */,
				7F66D9FE21D08172006A75C9 /* PromotionsViewModelTests.swift */,
				7F66DA0721D09615006A75C9 /* ServicesImplementerTests.swift */,
			);
			path = CapitalSocialTests;
			sourceTree = "<group>";
		};
		7F66D9BD21CF7732006A75C9 /* Utilities */ = {
			isa = PBXGroup;
			children = (
				7F66D9CB21CF7BC5006A75C9 /* PromotionsFactory.swift */,
				7F66D9D721CF8330006A75C9 /* LocationsFactory.swift */,
				7F66D9F321D05762006A75C9 /* JSONFormatter.swift */,
				7F66D9FB21D07F4B006A75C9 /* Constants.swift */,
				7F7EC92621D0B09A0011F1CD /* ServicesErrorHandler.swift */,
			);
			path = Utilities;
			sourceTree = "<group>";
		};
		7F66D9BE21CF7735006A75C9 /* Protocols */ = {
			isa = PBXGroup;
			children = (
				7F66D9C321CF7792006A75C9 /* PromotionProtocol.swift */,
				7F66D9D021CF816C006A75C9 /* DisplayPromotionsProtocol.swift */,
			);
			path = Protocols;
			sourceTree = "<group>";
		};
		7F66D9BF21CF773A006A75C9 /* Controllers */ = {
			isa = PBXGroup;
			children = (
			);
			path = Controllers;
			sourceTree = "<group>";
		};
		7F66D9C021CF773D006A75C9 /* Views */ = {
			isa = PBXGroup;
			children = (
				7F66D9E021D00EBF006A75C9 /* PromotionDetailViewModel.swift */,
			);
			path = Views;
			sourceTree = "<group>";
		};
		7F66D9C121CF7740006A75C9 /* Models */ = {
			isa = PBXGroup;
			children = (
				7F66D9C621CF7858006A75C9 /* Promotion.swift */,
				7F66D9D421CF826F006A75C9 /* Location.swift */,
				7F66D9E821D0361D006A75C9 /* MapViewModel.swift */,
				7F66D9F021D05661006A75C9 /* PromotionsViewModel.swift */,
				7F66DA0021D08E5A006A75C9 /* ServicesImplementer.swift */,
			);
			path = Models;
			sourceTree = "<group>";
		};
		7F66D9C221CF7743006A75C9 /* Services */ = {
			isa = PBXGroup;
			children = (
			);
			path = Services;
			sourceTree = "<group>";
		};
		7F66D9EB21D03728006A75C9 /* Configuration */ = {
			isa = PBXGroup;
			children = (
				7F66D9EC21D03765006A75C9 /* Locations.plist */,
			);
			path = Configuration;
			sourceTree = "<group>";
		};
		7F66D9F621D05900006A75C9 /* Resources */ = {
			isa = PBXGroup;
			children = (
				7F66D9F721D05A5F006A75C9 /* Promotions.json */,
			);
			path = Resources;
			sourceTree = "<group>";
		};
		7F66DA0321D09230006A75C9 /* Frameworks */ = {
			isa = PBXGroup;
			children = (
			);
			name = Frameworks;
			sourceTree = "<group>";
		};
/* End PBXGroup section */

/* Begin PBXNativeTarget section */
		7F66D99821CF71FD006A75C9 /* CapitalSocial */ = {
			isa = PBXNativeTarget;
			buildConfigurationList = 7F66D9B621CF71FE006A75C9 /* Build configuration list for PBXNativeTarget "CapitalSocial" */;
			buildPhases = (
				7F66D99521CF71FD006A75C9 /* Sources */,
				7F66D99621CF71FD006A75C9 /* Frameworks */,
				7F66D99721CF71FD006A75C9 /* Resources */,
				7F66DA0621D0924E006A75C9 /* ShellScript */,
			);
			buildRules = (
			);
			dependencies = (
			);
			name = CapitalSocial;
			productName = CapitalSocial;
			productReference = 7F66D99921CF71FD006A75C9 /* CapitalSocial.app */;
			productType = "com.apple.product-type.application";
		};
		7F66D9AC21CF71FE006A75C9 /* CapitalSocialTests */ = {
			isa = PBXNativeTarget;
			buildConfigurationList = 7F66D9B921CF71FE006A75C9 /* Build configuration list for PBXNativeTarget "CapitalSocialTests" */;
			buildPhases = (
				7F66D9A921CF71FE006A75C9 /* Sources */,
				7F66D9AA21CF71FE006A75C9 /* Frameworks */,
				7F66D9AB21CF71FE006A75C9 /* Resources */,
			);
			buildRules = (
			);
			dependencies = (
				7F66D9AF21CF71FE006A75C9 /* PBXTargetDependency */,
			);
			name = CapitalSocialTests;
			productName = CapitalSocialTests;
			productReference = 7F66D9AD21CF71FE006A75C9 /* CapitalSocialTests.xctest */;
			productType = "com.apple.product-type.bundle.unit-test";
		};
/* End PBXNativeTarget section */

/* Begin PBXProject section */
		7F66D99121CF71FD006A75C9 /* Project object */ = {
			isa = PBXProject;
			attributes = {
				LastSwiftUpdateCheck = 1000;
				LastUpgradeCheck = 1000;
				ORGANIZATIONNAME = "Marcos Garcia";
				TargetAttributes = {
					7F66D99821CF71FD006A75C9 = {
						CreatedOnToolsVersion = 10.0;
					};
					7F66D9AC21CF71FE006A75C9 = {
						CreatedOnToolsVersion = 10.0;
						TestTargetID = 7F66D99821CF71FD006A75C9;
					};
				};
			};
			buildConfigurationList = 7F66D99421CF71FD006A75C9 /* Build configuration list for PBXProject "CapitalSocial" */;
			compatibilityVersion = "Xcode 9.3";
			developmentRegion = en;
			hasScannedForEncodings = 0;
			knownRegions = (
				en,
				Base,
			);
			mainGroup = 7F66D99021CF71FD006A75C9;
			productRefGroup = 7F66D99A21CF71FD006A75C9 /* Products */;
			projectDirPath = "";
			projectRoot = "";
			targets = (
				7F66D99821CF71FD006A75C9 /* CapitalSocial */,
				7F66D9AC21CF71FE006A75C9 /* CapitalSocialTests */,
			);
		};
/* End PBXProject section */

/* Begin PBXResourcesBuildPhase section */
		7F66D99721CF71FD006A75C9 /* Resources */ = {
			isa = PBXResourcesBuildPhase;
			buildActionMask = 2147483647;
			files = (
				7F66D9A721CF71FE006A75C9 /* LaunchScreen.storyboard in Resources */,
				7F66D9A421CF71FE006A75C9 /* Assets.xcassets in Resources */,
				7F66D9ED21D03765006A75C9 /* Locations.plist in Resources */,
				7F66D9A221CF71FD006A75C9 /* Main.storyboard in Resources */,
				7F66D9F821D05A60006A75C9 /* Promotions.json in Resources */,
			);
			runOnlyForDeploymentPostprocessing = 0;
		};
		7F66D9AB21CF71FE006A75C9 /* Resources */ = {
			isa = PBXResourcesBuildPhase;
			buildActionMask = 2147483647;
			files = (
			);
			runOnlyForDeploymentPostprocessing = 0;
		};
/* End PBXResourcesBuildPhase section */

/* Begin PBXShellScriptBuildPhase section */
		7F66DA0621D0924E006A75C9 /* ShellScript */ = {
			isa = PBXShellScriptBuildPhase;
			buildActionMask = 2147483647;
			files = (
			);
			inputFileListPaths = (
			);
			inputPaths = (
			);
			outputFileListPaths = (
			);
			outputPaths = (
			);
			runOnlyForDeploymentPostprocessing = 0;
			shellPath = /bin/sh;
			shellScript = "/usr/local/bin/carthage copy-frameworks\n";
		};
/* End PBXShellScriptBuildPhase section */

/* Begin PBXSourcesBuildPhase section */
		7F66D99521CF71FD006A75C9 /* Sources */ = {
			isa = PBXSourcesBuildPhase;
			buildActionMask = 2147483647;
			files = (
				7F66D9CC21CF7BC5006A75C9 /* PromotionsFactory.swift in Sources */,
				7F66D9E921D0361D006A75C9 /* MapViewModel.swift in Sources */,
				7F66DA0121D08E5A006A75C9 /* ServicesImplementer.swift in Sources */,
				7F66D9E121D00EBF006A75C9 /* PromotionDetailViewModel.swift in Sources */,
				7F66D99F21CF71FD006A75C9 /* ViewController.swift in Sources */,
				7F66D9F121D05661006A75C9 /* PromotionsViewModel.swift in Sources */,
				7F66D9C721CF7858006A75C9 /* Promotion.swift in Sources */,
				7F66D9C421CF7792006A75C9 /* PromotionProtocol.swift in Sources */,
				7F66D9FC21D07F4B006A75C9 /* Constants.swift in Sources */,
				7F66D9D121CF816C006A75C9 /* DisplayPromotionsProtocol.swift in Sources */,
				7F7EC92721D0B09A0011F1CD /* ServicesErrorHandler.swift in Sources */,
				7F66D9F421D05762006A75C9 /* JSONFormatter.swift in Sources */,
				7F66D9D821CF8330006A75C9 /* LocationsFactory.swift in Sources */,
				7F66D99D21CF71FD006A75C9 /* AppDelegate.swift in Sources */,
				7F66D9D521CF826F006A75C9 /* Location.swift in Sources */,
			);
			runOnlyForDeploymentPostprocessing = 0;
		};
		7F66D9A921CF71FE006A75C9 /* Sources */ = {
			isa = PBXSourcesBuildPhase;
			buildActionMask = 2147483647;
			files = (
				7F66D9F221D05661006A75C9 /* PromotionsViewModel.swift in Sources */,
				7F66D9FD21D07F4B006A75C9 /* Constants.swift in Sources */,
				7F66D9CD21CF7BC5006A75C9 /* PromotionsFactory.swift in Sources */,
				7F66D9CF21CF7F0C006A75C9 /* PromotionsFactoryTests.swift in Sources */,
				7F66D9CA21CF78C8006A75C9 /* PromotionTests.swift in Sources */,
				7F66D9FA21D05A9C006A75C9 /* JSONFormatterTests.swift in Sources */,
				7F66D9FF21D08172006A75C9 /* PromotionsViewModelTests.swift in Sources */,
				7F66D9C521CF7792006A75C9 /* PromotionProtocol.swift in Sources */,
				7F66D9D221CF816C006A75C9 /* DisplayPromotionsProtocol.swift in Sources */,
				7F66D9E221D00EBF006A75C9 /* PromotionDetailViewModel.swift in Sources */,
				7F7EC92821D0B09A0011F1CD /* ServicesErrorHandler.swift in Sources */,
				7F66D9E721D032B9006A75C9 /* PromotionDetailViewModelTests.swift in Sources */,
				7F66D9F521D05762006A75C9 /* JSONFormatter.swift in Sources */,
				7F66D9D921CF8330006A75C9 /* LocationsFactory.swift in Sources */,
				7F66D9DE21CF8508006A75C9 /* LocationsFactoryTests.swift in Sources */,
				7F66D9C821CF7858006A75C9 /* Promotion.swift in Sources */,
				7F66DA0221D08E5A006A75C9 /* ServicesImplementer.swift in Sources */,
				7F66D9D621CF826F006A75C9 /* Location.swift in Sources */,
				7F66D9EA21D0361D006A75C9 /* MapViewModel.swift in Sources */,
				7F66DA0821D09615006A75C9 /* ServicesImplementerTests.swift in Sources */,
				7F66D9EF21D039A9006A75C9 /* MapViewModelTests.swift in Sources */,
			);
			runOnlyForDeploymentPostprocessing = 0;
		};
/* End PBXSourcesBuildPhase section */

/* Begin PBXTargetDependency section */
		7F66D9AF21CF71FE006A75C9 /* PBXTargetDependency */ = {
			isa = PBXTargetDependency;
			target = 7F66D99821CF71FD006A75C9 /* CapitalSocial */;
			targetProxy = 7F66D9AE21CF71FE006A75C9 /* PBXContainerItemProxy */;
		};
/* End PBXTargetDependency section */

/* Begin PBXVariantGroup section */
		7F66D9A021CF71FD006A75C9 /* Main.storyboard */ = {
			isa = PBXVariantGroup;
			children = (
				7F66D9A121CF71FD006A75C9 /* Base */,
			);
			name = Main.storyboard;
			sourceTree = "<group>";
		};
		7F66D9A521CF71FE006A75C9 /* LaunchScreen.storyboard */ = {
			isa = PBXVariantGroup;
			children = (
				7F66D9A621CF71FE006A75C9 /* Base */,
			);
			name = LaunchScreen.storyboard;
			sourceTree = "<group>";
		};
/* End PBXVariantGroup section */

/* Begin XCBuildConfiguration section */
		7F66D9B421CF71FE006A75C9 /* Debug */ = {
			isa = XCBuildConfiguration;
			buildSettings = {
				ALWAYS_SEARCH_USER_PATHS = NO;
				CLANG_ANALYZER_NONNULL = YES;
				CLANG_ANALYZER_NUMBER_OBJECT_CONVERSION = YES_AGGRESSIVE;
				CLANG_CXX_LANGUAGE_STANDARD = "gnu++14";
				CLANG_CXX_LIBRARY = "libc++";
				CLANG_ENABLE_MODULES = YES;
				CLANG_ENABLE_OBJC_ARC = YES;
				CLANG_ENABLE_OBJC_WEAK = YES;
				CLANG_WARN_BLOCK_CAPTURE_AUTORELEASING = YES;
				CLANG_WARN_BOOL_CONVERSION = YES;
				CLANG_WARN_COMMA = YES;
				CLANG_WARN_CONSTANT_CONVERSION = YES;
				CLANG_WARN_DEPRECATED_OBJC_IMPLEMENTATIONS = YES;
				CLANG_WARN_DIRECT_OBJC_ISA_USAGE = YES_ERROR;
				CLANG_WARN_DOCUMENTATION_COMMENTS = YES;
				CLANG_WARN_EMPTY_BODY = YES;
				CLANG_WARN_ENUM_CONVERSION = YES;
				CLANG_WARN_INFINITE_RECURSION = YES;
				CLANG_WARN_INT_CONVERSION = YES;
				CLANG_WARN_NON_LITERAL_NULL_CONVERSION = YES;
				CLANG_WARN_OBJC_IMPLICIT_RETAIN_SELF = YES;
				CLANG_WARN_OBJC_LITERAL_CONVERSION = YES;
				CLANG_WARN_OBJC_ROOT_CLASS = YES_ERROR;
				CLANG_WARN_RANGE_LOOP_ANALYSIS = YES;
				CLANG_WARN_STRICT_PROTOTYPES = YES;
				CLANG_WARN_SUSPICIOUS_MOVE = YES;
				CLANG_WARN_UNGUARDED_AVAILABILITY = YES_AGGRESSIVE;
				CLANG_WARN_UNREACHABLE_CODE = YES;
				CLANG_WARN__DUPLICATE_METHOD_MATCH = YES;
				CODE_SIGN_IDENTITY = "iPhone Developer";
				COPY_PHASE_STRIP = NO;
				DEBUG_INFORMATION_FORMAT = dwarf;
				ENABLE_STRICT_OBJC_MSGSEND = YES;
				ENABLE_TESTABILITY = YES;
				GCC_C_LANGUAGE_STANDARD = gnu11;
				GCC_DYNAMIC_NO_PIC = NO;
				GCC_NO_COMMON_BLOCKS = YES;
				GCC_OPTIMIZATION_LEVEL = 0;
				GCC_PREPROCESSOR_DEFINITIONS = (
					"DEBUG=1",
					"$(inherited)",
				);
				GCC_WARN_64_TO_32_BIT_CONVERSION = YES;
				GCC_WARN_ABOUT_RETURN_TYPE = YES_ERROR;
				GCC_WARN_UNDECLARED_SELECTOR = YES;
				GCC_WARN_UNINITIALIZED_AUTOS = YES_AGGRESSIVE;
				GCC_WARN_UNUSED_FUNCTION = YES;
				GCC_WARN_UNUSED_VARIABLE = YES;
				IPHONEOS_DEPLOYMENT_TARGET = 12.0;
				MTL_ENABLE_DEBUG_INFO = INCLUDE_SOURCE;
				MTL_FAST_MATH = YES;
				ONLY_ACTIVE_ARCH = YES;
				SDKROOT = iphoneos;
				SWIFT_ACTIVE_COMPILATION_CONDITIONS = DEBUG;
				SWIFT_OPTIMIZATION_LEVEL = "-Onone";
			};
			name = Debug;
		};
		7F66D9B521CF71FE006A75C9 /* Release */ = {
			isa = XCBuildConfiguration;
			buildSettings = {
				ALWAYS_SEARCH_USER_PATHS = NO;
				CLANG_ANALYZER_NONNULL = YES;
				CLANG_ANALYZER_NUMBER_OBJECT_CONVERSION = YES_AGGRESSIVE;
				CLANG_CXX_LANGUAGE_STANDARD = "gnu++14";
				CLANG_CXX_LIBRARY = "libc++";
				CLANG_ENABLE_MODULES = YES;
				CLANG_ENABLE_OBJC_ARC = YES;
				CLANG_ENABLE_OBJC_WEAK = YES;
				CLANG_WARN_BLOCK_CAPTURE_AUTORELEASING = YES;
				CLANG_WARN_BOOL_CONVERSION = YES;
				CLANG_WARN_COMMA = YES;
				CLANG_WARN_CONSTANT_CONVERSION = YES;
				CLANG_WARN_DEPRECATED_OBJC_IMPLEMENTATIONS = YES;
				CLANG_WARN_DIRECT_OBJC_ISA_USAGE = YES_ERROR;
				CLANG_WARN_DOCUMENTATION_COMMENTS = YES;
				CLANG_WARN_EMPTY_BODY = YES;
				CLANG_WARN_ENUM_CONVERSION = YES;
				CLANG_WARN_INFINITE_RECURSION = YES;
				CLANG_WARN_INT_CONVERSION = YES;
				CLANG_WARN_NON_LITERAL_NULL_CONVERSION = YES;
				CLANG_WARN_OBJC_IMPLICIT_RETAIN_SELF = YES;
				CLANG_WARN_OBJC_LITERAL_CONVERSION = YES;
				CLANG_WARN_OBJC_ROOT_CLASS = YES_ERROR;
				CLANG_WARN_RANGE_LOOP_ANALYSIS = YES;
				CLANG_WARN_STRICT_PROTOTYPES = YES;
				CLANG_WARN_SUSPICIOUS_MOVE = YES;
				CLANG_WARN_UNGUARDED_AVAILABILITY = YES_AGGRESSIVE;
				CLANG_WARN_UNREACHABLE_CODE = YES;
				CLANG_WARN__DUPLICATE_METHOD_MATCH = YES;
				CODE_SIGN_IDENTITY = "iPhone Developer";
				COPY_PHASE_STRIP = NO;
				DEBUG_INFORMATION_FORMAT = "dwarf-with-dsym";
				ENABLE_NS_ASSERTIONS = NO;
				ENABLE_STRICT_OBJC_MSGSEND = YES;
				GCC_C_LANGUAGE_STANDARD = gnu11;
				GCC_NO_COMMON_BLOCKS = YES;
				GCC_WARN_64_TO_32_BIT_CONVERSION = YES;
				GCC_WARN_ABOUT_RETURN_TYPE = YES_ERROR;
				GCC_WARN_UNDECLARED_SELECTOR = YES;
				GCC_WARN_UNINITIALIZED_AUTOS = YES_AGGRESSIVE;
				GCC_WARN_UNUSED_FUNCTION = YES;
				GCC_WARN_UNUSED_VARIABLE = YES;
				IPHONEOS_DEPLOYMENT_TARGET = 12.0;
				MTL_ENABLE_DEBUG_INFO = NO;
				MTL_FAST_MATH = YES;
				SDKROOT = iphoneos;
				SWIFT_COMPILATION_MODE = wholemodule;
				SWIFT_OPTIMIZATION_LEVEL = "-O";
				VALIDATE_PRODUCT = YES;
			};
			name = Release;
		};
		7F66D9B721CF71FE006A75C9 /* Debug */ = {
			isa = XCBuildConfiguration;
			buildSettings = {
				ASSETCATALOG_COMPILER_APPICON_NAME = AppIcon;
				CODE_SIGN_STYLE = Automatic;
				DEVELOPMENT_TEAM = YXC4836V89;
				FRAMEWORK_SEARCH_PATHS = (
					"$(inherited)",
					"$(PROJECT_DIR)/Carthage/Build/iOS",
				);
				INFOPLIST_FILE = CapitalSocial/Info.plist;
				IPHONEOS_DEPLOYMENT_TARGET = 8.0;
				LD_RUNPATH_SEARCH_PATHS = (
					"$(inherited)",
					"@executable_path/Frameworks",
				);
				PRODUCT_BUNDLE_IDENTIFIER = com.marcosgn1.CapitalSocial;
				PRODUCT_NAME = "$(TARGET_NAME)";
				SWIFT_VERSION = 4.2;
				TARGETED_DEVICE_FAMILY = "1,2";
			};
			name = Debug;
		};
		7F66D9B821CF71FE006A75C9 /* Release */ = {
			isa = XCBuildConfiguration;
			buildSettings = {
				ASSETCATALOG_COMPILER_APPICON_NAME = AppIcon;
				CODE_SIGN_STYLE = Automatic;
				DEVELOPMENT_TEAM = YXC4836V89;
				FRAMEWORK_SEARCH_PATHS = (
					"$(inherited)",
					"$(PROJECT_DIR)/Carthage/Build/iOS",
				);
				INFOPLIST_FILE = CapitalSocial/Info.plist;
				IPHONEOS_DEPLOYMENT_TARGET = 8.0;
				LD_RUNPATH_SEARCH_PATHS = (
					"$(inherited)",
					"@executable_path/Frameworks",
				);
				PRODUCT_BUNDLE_IDENTIFIER = com.marcosgn1.CapitalSocial;
				PRODUCT_NAME = "$(TARGET_NAME)";
				SWIFT_VERSION = 4.2;
				TARGETED_DEVICE_FAMILY = "1,2";
			};
			name = Release;
		};
		7F66D9BA21CF71FE006A75C9 /* Debug */ = {
			isa = XCBuildConfiguration;
			buildSettings = {
				ALWAYS_EMBED_SWIFT_STANDARD_LIBRARIES = YES;
				BUNDLE_LOADER = "$(TEST_HOST)";
				CODE_SIGN_STYLE = Automatic;
				DEVELOPMENT_TEAM = YXC4836V89;
				INFOPLIST_FILE = CapitalSocialTests/Info.plist;
				LD_RUNPATH_SEARCH_PATHS = (
					"$(inherited)",
					"@executable_path/Frameworks",
					"@loader_path/Frameworks",
				);
				PRODUCT_BUNDLE_IDENTIFIER = com.marcosgn1.CapitalSocialTests;
				PRODUCT_NAME = "$(TARGET_NAME)";
				SWIFT_VERSION = 4.2;
				TARGETED_DEVICE_FAMILY = "1,2";
				TEST_HOST = "$(BUILT_PRODUCTS_DIR)/CapitalSocial.app/CapitalSocial";
			};
			name = Debug;
		};
		7F66D9BB21CF71FE006A75C9 /* Release */ = {
			isa = XCBuildConfiguration;
			buildSettings = {
				ALWAYS_EMBED_SWIFT_STANDARD_LIBRARIES = YES;
				BUNDLE_LOADER = "$(TEST_HOST)";
				CODE_SIGN_STYLE = Automatic;
				DEVELOPMENT_TEAM = YXC4836V89;
				INFOPLIST_FILE = CapitalSocialTests/Info.plist;
				LD_RUNPATH_SEARCH_PATHS = (
					"$(inherited)",
					"@executable_path/Frameworks",
					"@loader_path/Frameworks",
				);
				PRODUCT_BUNDLE_IDENTIFIER = com.marcosgn1.CapitalSocialTests;
				PRODUCT_NAME = "$(TARGET_NAME)";
				SWIFT_VERSION = 4.2;
				TARGETED_DEVICE_FAMILY = "1,2";
				TEST_HOST = "$(BUILT_PRODUCTS_DIR)/CapitalSocial.app/CapitalSocial";
			};
			name = Release;
		};
/* End XCBuildConfiguration section */

/* Begin XCConfigurationList section */
		7F66D99421CF71FD006A75C9 /* Build configuration list for PBXProject "CapitalSocial" */ = {
			isa = XCConfigurationList;
			buildConfigurations = (
				7F66D9B421CF71FE006A75C9 /* Debug */,
				7F66D9B521CF71FE006A75C9 /* Release */,
			);
			defaultConfigurationIsVisible = 0;
			defaultConfigurationName = Release;
		};
		7F66D9B621CF71FE006A75C9 /* Build configuration list for PBXNativeTarget "CapitalSocial" */ = {
			isa = XCConfigurationList;
			buildConfigurations = (
				7F66D9B721CF71FE006A75C9 /* Debug */,
				7F66D9B821CF71FE006A75C9 /* Release */,
			);
			defaultConfigurationIsVisible = 0;
			defaultConfigurationName = Release;
		};
		7F66D9B921CF71FE006A75C9 /* Build configuration list for PBXNativeTarget "CapitalSocialTests" */ = {
			isa = XCConfigurationList;
			buildConfigurations = (
				7F66D9BA21CF71FE006A75C9 /* Debug */,
				7F66D9BB21CF71FE006A75C9 /* Release */,
			);
			defaultConfigurationIsVisible = 0;
			defaultConfigurationName = Release;
		};
/* End XCConfigurationList section */
	};
	rootObject = 7F66D99121CF71FD006A75C9 /* Project object */;
}
